
Microsoft Visual Studio Solution File, Format Version 12.00
# Visual Studio Version 17
VisualStudioVersion = 17.5.002.0
MinimumVisualStudioVersion = 10.0.40219.1
Project("{9A19103F-16F7-4668-BE54-9A1E7A4F7556}") = "DesafioFundamentos", "DesafioFundamentos\DesafioFundamentos.csproj", "{A373060C-0F9F-4290-BD8B-87974968593A}"
EndProject
Global
	GlobalSection(SolutionConfigurationPlatforms) = preSolution
		Debug|Any CPU = Debug|Any CPU
		Release|Any CPU = Release|Any CPU
	EndGlobalSection
	GlobalSection(ProjectConfigurationPlatforms) = postSolution
		{A373060C-0F9F-4290-BD8B-87974968593A}.Debug|Any CPU.ActiveCfg = Debug|Any CPU
		{A373060C-0F9F-4290-BD8B-87974968593A}.Debug|Any CPU.Build.0 = Debug|Any CPU
		{A373060C-0F9F-4290-BD8B-87974968593A}.Release|Any CPU.ActiveCfg = Release|Any CPU
		{A373060C-0F9F-4290-BD8B-87974968593A}.Release|Any CPU.Build.0 = Release|Any CPU
	EndGlobalSection
	GlobalSection(SolutionProperties) = preSolution
		HideSolutionNode = FALSE
	EndGlobalSection
	GlobalSection(ExtensibilityGlobals) = postSolution
		SolutionGuid = {0D8509D5-2A0C-4485-9614-5DC7B0E7ACE8}
	EndGlobalSection
EndGlobal
